{
  "name": "example",
  "version": "1.0.0",
  "lockfileVersion": 2,
  "requires": true,
  "packages": {
    "": {
      "dependencies": {
        "@lukekaalim/server": "file:.."
      }
    },
    "..": {
      "name": "@lukekaalim/server",
      "version": "7.1.2",
      "license": "MIT",
      "dependencies": {
        "@lukekaalim/cast": "^1.0.0"
      },
      "devDependencies": {
        "@lukekaalim/test": "^4.6.0",
        "flow-bin": "^0.144.0"
      }
    },
    "node_modules/@lukekaalim/server": {
      "resolved": "..",
      "link": true
    }
  },
  "dependencies": {
    "@lukekaalim/server": {
      "version": "file:..",
      "requires": {
        "@lukekaalim/cast": "^1.0.0",
        "@lukekaalim/test": "^4.6.0",
        "flow-bin": "^0.144.0"
      }
    }
  }
}
