{
  "name": "example",
  "version": "1.0.0",
  "lockfileVersion": 2,
  "requires": true,
  "packages": {
    "": {
      "dependencies": {
        "@lukekaalim/cast": "^1.0.0",
        "@lukekaalim/http-client": "^2.5.0",
        "@lukekaalim/server": "file:.."
      }
    },
    "..": {
      "name": "@lukekaalim/server",
      "version": "9.0.0",
      "license": "MIT",
      "dependencies": {
        "@lukekaalim/cast": "^1.0.0"
      },
      "devDependencies": {
        "flow-bin": "^0.144.0"
      }
    },
    "node_modules/@lukekaalim/cast": {
      "version": "1.0.0",
      "resolved": "https://registry.npmjs.org/@lukekaalim/cast/-/cast-1.0.0.tgz",
      "integrity": "sha512-u0G1mmMlPfYtkNfTC53DT/F4D2ABMQAHKOJ2PXnidK3mwPaouAbGp8dRQun/QaoOVF/X7dP7gsJzO2bSBruuPQ=="
    },
    "node_modules/@lukekaalim/http-client": {
      "version": "2.5.0",
      "resolved": "https://registry.npmjs.org/@lukekaalim/http-client/-/http-client-2.5.0.tgz",
      "integrity": "sha512-57x3nUOgUWoCZ9aiHrpnMK0ZIyRKpJXkKq9/ptzGhmQOaa1gFJhiLA6Y47njFJzvH0IpZ5alI30AUYDXjf2PBg==",
      "dependencies": {
        "@lukekaalim/cast": "^1.0.0"
      }
    },
    "node_modules/@lukekaalim/server": {
      "resolved": "..",
      "link": true
    }
  },
  "dependencies": {
    "@lukekaalim/cast": {
      "version": "1.0.0",
      "resolved": "https://registry.npmjs.org/@lukekaalim/cast/-/cast-1.0.0.tgz",
      "integrity": "sha512-u0G1mmMlPfYtkNfTC53DT/F4D2ABMQAHKOJ2PXnidK3mwPaouAbGp8dRQun/QaoOVF/X7dP7gsJzO2bSBruuPQ=="
    },
    "@lukekaalim/http-client": {
      "version": "2.5.0",
      "resolved": "https://registry.npmjs.org/@lukekaalim/http-client/-/http-client-2.5.0.tgz",
      "integrity": "sha512-57x3nUOgUWoCZ9aiHrpnMK0ZIyRKpJXkKq9/ptzGhmQOaa1gFJhiLA6Y47njFJzvH0IpZ5alI30AUYDXjf2PBg==",
      "requires": {
        "@lukekaalim/cast": "^1.0.0"
      }
    },
    "@lukekaalim/server": {
      "version": "file:..",
      "requires": {
        "@lukekaalim/cast": "^1.0.0",
        "flow-bin": "^0.144.0"
      }
    }
  }
}
