{
  "name": "@lukekaalim/server",
  "version": "7.1.2",
  "lockfileVersion": 1,
  "requires": true,
  "dependencies": {
    "@lukekaalim/test": {
      "version": "4.6.0",
      "resolved": "https://registry.npmjs.org/@lukekaalim/test/-/test-4.6.0.tgz",
      "integrity": "sha512-FbX7UEci7HmwohyYr2T8hM7K0qt1Dd0St4eiH0nuRmL8578Tqs4a1TdWKPKabpcF1HGlVwHLNBfT+eKktwJqQw==",
      "dev": true,
      "requires": {
        "tiny-ansi-colors": "0.0.4"
      }
    },
    "flow-bin": {
      "version": "0.139.0",
      "resolved": "https://registry.npmjs.org/flow-bin/-/flow-bin-0.139.0.tgz",
      "integrity": "sha512-eilVetLwztYtKjRj//4OsJ7aw47hsUZ8GTINxaZHWhpqiFikErQL0sV/3hQtpm54w9FuS2PO4yvbU0pWrtckqg==",
      "dev": true
    },
    "tiny-ansi-colors": {
      "version": "0.0.4",
      "resolved": "https://registry.npmjs.org/tiny-ansi-colors/-/tiny-ansi-colors-0.0.4.tgz",
      "integrity": "sha512-utpCcSRO2SOZ0Z82PLlaADCgxRl/vNg7i0RhiazZG2MIEtRGkJJV710Qs3nAZLYJUVWwDNykG+JEpLOHR3j7/A==",
      "dev": true
    }
  }
}
