{
  "name": "@lukekaalim/server",
  "version": "9.4.1",
  "lockfileVersion": 2,
  "requires": true,
  "packages": {
    "": {
      "name": "@lukekaalim/server",
      "version": "9.4.1",
      "license": "MIT",
      "dependencies": {
        "@lukekaalim/api-models": "^3.0.2",
        "@lukekaalim/cast": "^1.0.0"
      },
      "devDependencies": {
        "flow-bin": "^0.144.0"
      }
    },
    "node_modules/@lukekaalim/api-models": {
      "version": "3.0.2",
      "resolved": "https://registry.npmjs.org/@lukekaalim/api-models/-/api-models-3.0.2.tgz",
      "integrity": "sha512-UBy1T9v0cEM7chUlqRKeeztEYBDJtxmJ0Ymc2Rh9vjFdUsZWjiYNDN4YLNzw4CW8+ALcuktpOpHm3ribBrrrmA==",
      "dependencies": {
        "@lukekaalim/cast": "^1.0.0"
      }
    },
    "node_modules/@lukekaalim/cast": {
      "version": "1.0.0",
      "resolved": "https://registry.npmjs.org/@lukekaalim/cast/-/cast-1.0.0.tgz",
      "integrity": "sha512-u0G1mmMlPfYtkNfTC53DT/F4D2ABMQAHKOJ2PXnidK3mwPaouAbGp8dRQun/QaoOVF/X7dP7gsJzO2bSBruuPQ=="
    },
    "node_modules/flow-bin": {
      "version": "0.144.0",
      "resolved": "https://registry.npmjs.org/flow-bin/-/flow-bin-0.144.0.tgz",
      "integrity": "sha512-+TeTukkfRjimaNhOHt8iQ/M33Fg8Afrm+iBHS19XzAz2fH4GwgroKCrAxDHnZoAUnmRv6jm/XngFxADlcqwYkw==",
      "dev": true,
      "bin": {
        "flow": "cli.js"
      },
      "engines": {
        "node": ">=0.10.0"
      }
    }
  },
  "dependencies": {
    "@lukekaalim/api-models": {
      "version": "3.0.2",
      "resolved": "https://registry.npmjs.org/@lukekaalim/api-models/-/api-models-3.0.2.tgz",
      "integrity": "sha512-UBy1T9v0cEM7chUlqRKeeztEYBDJtxmJ0Ymc2Rh9vjFdUsZWjiYNDN4YLNzw4CW8+ALcuktpOpHm3ribBrrrmA==",
      "requires": {
        "@lukekaalim/cast": "^1.0.0"
      }
    },
    "@lukekaalim/cast": {
      "version": "1.0.0",
      "resolved": "https://registry.npmjs.org/@lukekaalim/cast/-/cast-1.0.0.tgz",
      "integrity": "sha512-u0G1mmMlPfYtkNfTC53DT/F4D2ABMQAHKOJ2PXnidK3mwPaouAbGp8dRQun/QaoOVF/X7dP7gsJzO2bSBruuPQ=="
    },
    "flow-bin": {
      "version": "0.144.0",
      "resolved": "https://registry.npmjs.org/flow-bin/-/flow-bin-0.144.0.tgz",
      "integrity": "sha512-+TeTukkfRjimaNhOHt8iQ/M33Fg8Afrm+iBHS19XzAz2fH4GwgroKCrAxDHnZoAUnmRv6jm/XngFxADlcqwYkw==",
      "dev": true
    }
  }
}
