{
  "name": "tests",
  "lockfileVersion": 2,
  "requires": true,
  "packages": {
    "": {
      "dependencies": {
        "@lukekaalim/server": "file:..",
        "@lukekaalim/test": "^8.1.0"
      }
    },
    "..": {
      "name": "@lukekaalim/server",
      "version": "8.0.1",
      "hasInstallScript": true,
      "license": "MIT",
      "devDependencies": {
        "flow-bin": "^0.144.0"
      }
    },
    "node_modules/@lukekaalim/server": {
      "resolved": "..",
      "link": true
    },
    "node_modules/@lukekaalim/test": {
      "version": "8.1.0",
      "resolved": "https://registry.npmjs.org/@lukekaalim/test/-/test-8.1.0.tgz",
      "integrity": "sha512-26G4bfeNKfWdLny0YS93qLZnr8hj/7Whv9oT8cizHXBPiNeBmlQJ88VliPIUxK+CCpO10hosvvBWwdJZQG9c1w=="
    }
  },
  "dependencies": {
    "@lukekaalim/server": {
      "version": "file:..",
      "requires": {
        "flow-bin": "^0.144.0"
      }
    },
    "@lukekaalim/test": {
      "version": "8.1.0",
      "resolved": "https://registry.npmjs.org/@lukekaalim/test/-/test-8.1.0.tgz",
      "integrity": "sha512-26G4bfeNKfWdLny0YS93qLZnr8hj/7Whv9oT8cizHXBPiNeBmlQJ88VliPIUxK+CCpO10hosvvBWwdJZQG9c1w=="
    }
  }
}
